// !$*UTF8*$!
{
	archiveVersion = 1;
	classes = {
	};
	objectVersion = 55;
	objects = {

/* Begin PBXBuildFile section */
		7F6CC967278F53E200BDEDE5 /* Irrigation_CalculatorApp.swift in Sources */ = {isa = PBXBuildFile; fileRef = 7F6CC966278F53E200BDEDE5 /* Irrigation_CalculatorApp.swift */; };
		7F6CC969278F53E200BDEDE5 /* ContentView.swift in Sources */ = {isa = PBXBuildFile; fileRef = 7F6CC968278F53E200BDEDE5 /* ContentView.swift */; };
		7F6CC96B278F53E400BDEDE5 /* Assets.xcassets in Resources */ = {isa = PBXBuildFile; fileRef = 7F6CC96A278F53E400BDEDE5 /* Assets.xcassets */; };
		7F6CC96E278F53E400BDEDE5 /* Preview Assets.xcassets in Resources */ = {isa = PBXBuildFile; fileRef = 7F6CC96D278F53E400BDEDE5 /* Preview Assets.xcassets */; };
		7F6CC978278F53E400BDEDE5 /* Irrigation_CalculatorTests.swift in Sources */ = {isa = PBXBuildFile; fileRef = 7F6CC977278F53E400BDEDE5 /* Irrigation_CalculatorTests.swift */; };
		7F6CC982278F53E400BDEDE5 /* Irrigation_CalculatorUITests.swift in Sources */ = {isa = PBXBuildFile; fileRef = 7F6CC981278F53E400BDEDE5 /* Irrigation_CalculatorUITests.swift */; };
		7F6CC984278F53E400BDEDE5 /* Irrigation_CalculatorUITestsLaunchTests.swift in Sources */ = {isa = PBXBuildFile; fileRef = 7F6CC983278F53E400BDEDE5 /* Irrigation_CalculatorUITestsLaunchTests.swift */; };
/* End PBXBuildFile section */

/* Begin PBXContainerItemProxy section */
		7F6CC974278F53E400BDEDE5 /* PBXContainerItemProxy */ = {
			isa = PBXContainerItemProxy;
			containerPortal = 7F6CC95B278F53E200BDEDE5 /* Project object */;
			proxyType = 1;
			remoteGlobalIDString = 7F6CC962278F53E200BDEDE5;
			remoteInfo = "Irrigation Calculator";
		};
		7F6CC97E278F53E400BDEDE5 /* PBXContainerItemProxy */ = {
			isa = PBXContainerItemProxy;
			containerPortal = 7F6CC95B278F53E200BDEDE5 /* Project object */;
			proxyType = 1;
			remoteGlobalIDString = 7F6CC962278F53E200BDEDE5;
			remoteInfo = "Irrigation Calculator";
		};
/* End PBXContainerItemProxy section */

/* Begin PBXFileReference section */
		7F6CC963278F53E200BDEDE5 /* Irrigation Calculator.app */ = {isa = PBXFileReference; explicitFileType = wrapper.application; includeInIndex = 0; path = "Irrigation Calculator.app"; sourceTree = BUILT_PRODUCTS_DIR; };
		7F6CC966278F53E200BDEDE5 /* Irrigation_CalculatorApp.swift */ = {isa = PBXFileReference; lastKnownFileType = sourcecode.swift; path = Irrigation_CalculatorApp.swift; sourceTree = "<group>"; };
		7F6CC968278F53E200BDEDE5 /* ContentView.swift */ = {isa = PBXFileReference; lastKnownFileType = sourcecode.swift; path = ContentView.swift; sourceTree = "<group>"; };
		7F6CC96A278F53E400BDEDE5 /* Assets.xcassets */ = {isa = PBXFileReference; lastKnownFileType = folder.assetcatalog; path = Assets.xcassets; sourceTree = "<group>"; };
		7F6CC96D278F53E400BDEDE5 /* Preview Assets.xcassets */ = {isa = PBXFileReference; lastKnownFileType = folder.assetcatalog; path = "Preview Assets.xcassets"; sourceTree = "<group>"; };
		7F6CC973278F53E400BDEDE5 /* Irrigation CalculatorTests.xctest */ = {isa = PBXFileReference; explicitFileType = wrapper.cfbundle; includeInIndex = 0; path = "Irrigation CalculatorTests.xctest"; sourceTree = BUILT_PRODUCTS_DIR; };
		7F6CC977278F53E400BDEDE5 /* Irrigation_CalculatorTests.swift */ = {isa = PBXFileReference; lastKnownFileType = sourcecode.swift; path = Irrigation_CalculatorTests.swift; sourceTree = "<group>"; };
		7F6CC97D278F53E400BDEDE5 /* Irrigation CalculatorUITests.xctest */ = {isa = PBXFileReference; explicitFileType = wrapper.cfbundle; includeInIndex = 0; path = "Irrigation CalculatorUITests.xctest"; sourceTree = BUILT_PRODUCTS_DIR; };
		7F6CC981278F53E400BDEDE5 /* Irrigation_CalculatorUITests.swift */ = {isa = PBXFileReference; lastKnownFileType = sourcecode.swift; path = Irrigation_CalculatorUITests.swift; sourceTree = "<group>"; };
		7F6CC983278F53E400BDEDE5 /* Irrigation_CalculatorUITestsLaunchTests.swift */ = {isa = PBXFileReference; lastKnownFileType = sourcecode.swift; path = Irrigation_CalculatorUITestsLaunchTests.swift; sourceTree = "<group>"; };
		7F6CC9A52791059F00BDEDE5 /* Irrigation-Calculator-Info.plist */ = {isa = PBXFileReference; lastKnownFileType = text.plist; path = "Irrigation-Calculator-Info.plist"; sourceTree = SOURCE_ROOT; };
/* End PBXFileReference section */

/* Begin PBXFrameworksBuildPhase section */
		7F6CC960278F53E200BDEDE5 /* Frameworks */ = {
			isa = PBXFrameworksBuildPhase;
			buildActionMask = 2147483647;
			files = (
			);
			runOnlyForDeploymentPostprocessing = 0;
		};
		7F6CC970278F53E400BDEDE5 /* Frameworks */ = {
			isa = PBXFrameworksBuildPhase;
			buildActionMask = 2147483647;
			files = (
			);
			runOnlyForDeploymentPostprocessing = 0;
		};
		7F6CC97A278F53E400BDEDE5 /* Frameworks */ = {
			isa = PBXFrameworksBuildPhase;
			buildActionMask = 2147483647;
			files = (
			);
			runOnlyForDeploymentPostprocessing = 0;
		};
/* End PBXFrameworksBuildPhase section */

/* Begin PBXGroup section */
		7F6CC95A278F53E200BDEDE5 = {
			isa = PBXGroup;
			children = (
				7F6CC965278F53E200BDEDE5 /* Irrigation Calculator */,
				7F6CC976278F53E400BDEDE5 /* Irrigation CalculatorTests */,
				7F6CC980278F53E400BDEDE5 /* Irrigation CalculatorUITests */,
				7F6CC964278F53E200BDEDE5 /* Products */,
			);
			sourceTree = "<group>";
		};
		7F6CC964278F53E200BDEDE5 /* Products */ = {
			isa = PBXGroup;
			children = (
				7F6CC963278F53E200BDEDE5 /* Irrigation Calculator.app */,
				7F6CC973278F53E400BDEDE5 /* Irrigation CalculatorTests.xctest */,
				7F6CC97D278F53E400BDEDE5 /* Irrigation CalculatorUITests.xctest */,
			);
			name = Products;
			sourceTree = "<group>";
		};
		7F6CC965278F53E200BDEDE5 /* Irrigation Calculator */ = {
			isa = PBXGroup;
			children = (
				7F6CC9A52791059F00BDEDE5 /* Irrigation-Calculator-Info.plist */,
				7F6CC966278F53E200BDEDE5 /* Irrigation_CalculatorApp.swift */,
				7F6CC968278F53E200BDEDE5 /* ContentView.swift */,
				7F6CC96A278F53E400BDEDE5 /* Assets.xcassets */,
				7F6CC96C278F53E400BDEDE5 /* Preview Content */,
			);
			path = "Irrigation Calculator";
			sourceTree = "<group>";
		};
		7F6CC96C278F53E400BDEDE5 /* Preview Content */ = {
			isa = PBXGroup;
			children = (
				7F6CC96D278F53E400BDEDE5 /* Preview Assets.xcassets */,
			);
			path = "Preview Content";
			sourceTree = "<group>";
		};
		7F6CC976278F53E400BDEDE5 /* Irrigation CalculatorTests */ = {
			isa = PBXGroup;
			children = (
				7F6CC977278F53E400BDEDE5 /* Irrigation_CalculatorTests.swift */,
			);
			path = "Irrigation CalculatorTests";
			sourceTree = "<group>";
		};
		7F6CC980278F53E400BDEDE5 /* Irrigation CalculatorUITests */ = {
			isa = PBXGroup;
			children = (
				7F6CC981278F53E400BDEDE5 /* Irrigation_CalculatorUITests.swift */,
				7F6CC983278F53E400BDEDE5 /* Irrigation_CalculatorUITestsLaunchTests.swift */,
			);
			path = "Irrigation CalculatorUITests";
			sourceTree = "<group>";
		};
/* End PBXGroup section */

/* Begin PBXNativeTarget section */
		7F6CC962278F53E200BDEDE5 /* Irrigation Calculator */ = {
			isa = PBXNativeTarget;
			buildConfigurationList = 7F6CC987278F53E400BDEDE5 /* Build configuration list for PBXNativeTarget "Irrigation Calculator" */;
			buildPhases = (
				7F6CC95F278F53E200BDEDE5 /* Sources */,
				7F6CC960278F53E200BDEDE5 /* Frameworks */,
				7F6CC961278F53E200BDEDE5 /* Resources */,
			);
			buildRules = (
			);
			dependencies = (
			);
			name = "Irrigation Calculator";
			productName = "Irrigation Calculator";
			productReference = 7F6CC963278F53E200BDEDE5 /* Irrigation Calculator.app */;
			productType = "com.apple.product-type.application";
		};
		7F6CC972278F53E400BDEDE5 /* Irrigation CalculatorTests */ = {
			isa = PBXNativeTarget;
			buildConfigurationList = 7F6CC98A278F53E400BDEDE5 /* Build configuration list for PBXNativeTarget "Irrigation CalculatorTests" */;
			buildPhases = (
				7F6CC96F278F53E400BDEDE5 /* Sources */,
				7F6CC970278F53E400BDEDE5 /* Frameworks */,
				7F6CC971278F53E400BDEDE5 /* Resources */,
			);
			buildRules = (
			);
			dependencies = (
				7F6CC975278F53E400BDEDE5 /* PBXTargetDependency */,
			);
			name = "Irrigation CalculatorTests";
			productName = "Irrigation CalculatorTests";
			productReference = 7F6CC973278F53E400BDEDE5 /* Irrigation CalculatorTests.xctest */;
			productType = "com.apple.product-type.bundle.unit-test";
		};
		7F6CC97C278F53E400BDEDE5 /* Irrigation CalculatorUITests */ = {
			isa = PBXNativeTarget;
			buildConfigurationList = 7F6CC98D278F53E400BDEDE5 /* Build configuration list for PBXNativeTarget "Irrigation CalculatorUITests" */;
			buildPhases = (
				7F6CC979278F53E400BDEDE5 /* Sources */,
				7F6CC97A278F53E400BDEDE5 /* Frameworks */,
				7F6CC97B278F53E400BDEDE5 /* Resources */,
			);
			buildRules = (
			);
			dependencies = (
				7F6CC97F278F53E400BDEDE5 /* PBXTargetDependency */,
			);
			name = "Irrigation CalculatorUITests";
			productName = "Irrigation CalculatorUITests";
			productReference = 7F6CC97D278F53E400BDEDE5 /* Irrigation CalculatorUITests.xctest */;
			productType = "com.apple.product-type.bundle.ui-testing";
		};
/* End PBXNativeTarget section */

/* Begin PBXProject section */
		7F6CC95B278F53E200BDEDE5 /* Project object */ = {
			isa = PBXProject;
			attributes = {
				BuildIndependentTargetsInParallel = 1;
				LastSwiftUpdateCheck = 1320;
				LastUpgradeCheck = 1320;
				TargetAttributes = {
					7F6CC962278F53E200BDEDE5 = {
						CreatedOnToolsVersion = 13.2.1;
					};
					7F6CC972278F53E400BDEDE5 = {
						CreatedOnToolsVersion = 13.2.1;
						TestTargetID = 7F6CC962278F53E200BDEDE5;
					};
					7F6CC97C278F53E400BDEDE5 = {
						CreatedOnToolsVersion = 13.2.1;
						TestTargetID = 7F6CC962278F53E200BDEDE5;
					};
				};
			};
			buildConfigurationList = 7F6CC95E278F53E200BDEDE5 /* Build configuration list for PBXProject "Irrigation Calculator" */;
			compatibilityVersion = "Xcode 13.0";
			developmentRegion = en;
			hasScannedForEncodings = 0;
			knownRegions = (
				en,
				Base,
			);
			mainGroup = 7F6CC95A278F53E200BDEDE5;
			productRefGroup = 7F6CC964278F53E200BDEDE5 /* Products */;
			projectDirPath = "";
			projectRoot = "";
			targets = (
				7F6CC962278F53E200BDEDE5 /* Irrigation Calculator */,
				7F6CC972278F53E400BDEDE5 /* Irrigation CalculatorTests */,
				7F6CC97C278F53E400BDEDE5 /* Irrigation CalculatorUITests */,
			);
		};
/* End PBXProject section */

/* Begin PBXResourcesBuildPhase section */
		7F6CC961278F53E200BDEDE5 /* Resources */ = {
			isa = PBXResourcesBuildPhase;
			buildActionMask = 2147483647;
			files = (
				7F6CC96E278F53E400BDEDE5 /* Preview Assets.xcassets in Resources */,
				7F6CC96B278F53E400BDEDE5 /* Assets.xcassets in Resources */,
			);
			runOnlyForDeploymentPostprocessing = 0;
		};
		7F6CC971278F53E400BDEDE5 /* Resources */ = {
			isa = PBXResourcesBuildPhase;
			buildActionMask = 2147483647;
			files = (
			);
			runOnlyForDeploymentPostprocessing = 0;
		};
		7F6CC97B278F53E400BDEDE5 /* Resources */ = {
			isa = PBXResourcesBuildPhase;
			buildActionMask = 2147483647;
			files = (
			);
			runOnlyForDeploymentPostprocessing = 0;
		};
/* End PBXResourcesBuildPhase section */

/* Begin PBXSourcesBuildPhase section */
		7F6CC95F278F53E200BDEDE5 /* Sources */ = {
			isa = PBXSourcesBuildPhase;
			buildActionMask = 2147483647;
			files = (
				7F6CC969278F53E200BDEDE5 /* ContentView.swift in Sources */,
				7F6CC967278F53E200BDEDE5 /* Irrigation_CalculatorApp.swift in Sources */,
			);
			runOnlyForDeploymentPostprocessing = 0;
		};
		7F6CC96F278F53E400BDEDE5 /* Sources */ = {
			isa = PBXSourcesBuildPhase;
			buildActionMask = 2147483647;
			files = (
				7F6CC978278F53E400BDEDE5 /* Irrigation_CalculatorTests.swift in Sources */,
			);
			runOnlyForDeploymentPostprocessing = 0;
		};
		7F6CC979278F53E400BDEDE5 /* Sources */ = {
			isa = PBXSourcesBuildPhase;
			buildActionMask = 2147483647;
			files = (
				7F6CC984278F53E400BDEDE5 /* Irrigation_CalculatorUITestsLaunchTests.swift in Sources */,
				7F6CC982278F53E400BDEDE5 /* Irrigation_CalculatorUITests.swift in Sources */,
			);
			runOnlyForDeploymentPostprocessing = 0;
		};
/* End PBXSourcesBuildPhase section */

/* Begin PBXTargetDependency section */
		7F6CC975278F53E400BDEDE5 /* PBXTargetDependency */ = {
			isa = PBXTargetDependency;
			target = 7F6CC962278F53E200BDEDE5 /* Irrigation Calculator */;
			targetProxy = 7F6CC974278F53E400BDEDE5 /* PBXContainerItemProxy */;
		};
		7F6CC97F278F53E400BDEDE5 /* PBXTargetDependency */ = {
			isa = PBXTargetDependency;
			target = 7F6CC962278F53E200BDEDE5 /* Irrigation Calculator */;
			targetProxy = 7F6CC97E278F53E400BDEDE5 /* PBXContainerItemProxy */;
		};
/* End PBXTargetDependency section */

/* Begin XCBuildConfiguration section */
		7F6CC985278F53E400BDEDE5 /* Debug */ = {
			isa = XCBuildConfiguration;
			buildSettings = {
				ALWAYS_SEARCH_USER_PATHS = NO;
				CLANG_ANALYZER_NONNULL = YES;
				CLANG_ANALYZER_NUMBER_OBJECT_CONVERSION = YES_AGGRESSIVE;
				CLANG_CXX_LANGUAGE_STANDARD = "gnu++17";
				CLANG_CXX_LIBRARY = "libc++";
				CLANG_ENABLE_MODULES = YES;
				CLANG_ENABLE_OBJC_ARC = YES;
				CLANG_ENABLE_OBJC_WEAK = YES;
				CLANG_WARN_BLOCK_CAPTURE_AUTORELEASING = YES;
				CLANG_WARN_BOOL_CONVERSION = YES;
				CLANG_WARN_COMMA = YES;
				CLANG_WARN_CONSTANT_CONVERSION = YES;
				CLANG_WARN_DEPRECATED_OBJC_IMPLEMENTATIONS = YES;
				CLANG_WARN_DIRECT_OBJC_ISA_USAGE = YES_ERROR;
				CLANG_WARN_DOCUMENTATION_COMMENTS = YES;
				CLANG_WARN_EMPTY_BODY = YES;
				CLANG_WARN_ENUM_CONVERSION = YES;
				CLANG_WARN_INFINITE_RECURSION = YES;
				CLANG_WARN_INT_CONVERSION = YES;
				CLANG_WARN_NON_LITERAL_NULL_CONVERSION = YES;
				CLANG_WARN_OBJC_IMPLICIT_RETAIN_SELF = YES;
				CLANG_WARN_OBJC_LITERAL_CONVERSION = YES;
				CLANG_WARN_OBJC_ROOT_CLASS = YES_ERROR;
				CLANG_WARN_QUOTED_INCLUDE_IN_FRAMEWORK_HEADER = YES;
				CLANG_WARN_RANGE_LOOP_ANALYSIS = YES;
				CLANG_WARN_STRICT_PROTOTYPES = YES;
				CLANG_WARN_SUSPICIOUS_MOVE = YES;
				CLANG_WARN_UNGUARDED_AVAILABILITY = YES_AGGRESSIVE;
				CLANG_WARN_UNREACHABLE_CODE = YES;
				CLANG_WARN__DUPLICATE_METHOD_MATCH = YES;
				COPY_PHASE_STRIP = NO;
				DEBUG_INFORMATION_FORMAT = dwarf;
				ENABLE_STRICT_OBJC_MSGSEND = YES;
				ENABLE_TESTABILITY = YES;
				GCC_C_LANGUAGE_STANDARD = gnu11;
				GCC_DYNAMIC_NO_PIC = NO;
				GCC_NO_COMMON_BLOCKS = YES;
				GCC_OPTIMIZATION_LEVEL = 0;
				GCC_PREPROCESSOR_DEFINITIONS = (
					"DEBUG=1",
					"$(inherited)",
				);
				GCC_WARN_64_TO_32_BIT_CONVERSION = YES;
				GCC_WARN_ABOUT_RETURN_TYPE = YES_ERROR;
				GCC_WARN_UNDECLARED_SELECTOR = YES;
				GCC_WARN_UNINITIALIZED_AUTOS = YES_AGGRESSIVE;
				GCC_WARN_UNUSED_FUNCTION = YES;
				GCC_WARN_UNUSED_VARIABLE = YES;
				IPHONEOS_DEPLOYMENT_TARGET = 15.2;
				MTL_ENABLE_DEBUG_INFO = INCLUDE_SOURCE;
				MTL_FAST_MATH = YES;
				ONLY_ACTIVE_ARCH = YES;
				SDKROOT = iphoneos;
				SWIFT_ACTIVE_COMPILATION_CONDITIONS = DEBUG;
				SWIFT_OPTIMIZATION_LEVEL = "-Onone";
			};
			name = Debug;
		};
		7F6CC986278F53E400BDEDE5 /* Release */ = {
			isa = XCBuildConfiguration;
			buildSettings = {
				ALWAYS_SEARCH_USER_PATHS = NO;
				CLANG_ANALYZER_NONNULL = YES;
				CLANG_ANALYZER_NUMBER_OBJECT_CONVERSION = YES_AGGRESSIVE;
				CLANG_CXX_LANGUAGE_STANDARD = "gnu++17";
				CLANG_CXX_LIBRARY = "libc++";
				CLANG_ENABLE_MODULES = YES;
				CLANG_ENABLE_OBJC_ARC = YES;
				CLANG_ENABLE_OBJC_WEAK = YES;
				CLANG_WARN_BLOCK_CAPTURE_AUTORELEASING = YES;
				CLANG_WARN_BOOL_CONVERSION = YES;
				CLANG_WARN_COMMA = YES;
				CLANG_WARN_CONSTANT_CONVERSION = YES;
				CLANG_WARN_DEPRECATED_OBJC_IMPLEMENTATIONS = YES;
				CLANG_WARN_DIRECT_OBJC_ISA_USAGE = YES_ERROR;
				CLANG_WARN_DOCUMENTATION_COMMENTS = YES;
				CLANG_WARN_EMPTY_BODY = YES;
				CLANG_WARN_ENUM_CONVERSION = YES;
				CLANG_WARN_INFINITE_RECURSION = YES;
				CLANG_WARN_INT_CONVERSION = YES;
				CLANG_WARN_NON_LITERAL_NULL_CONVERSION = YES;
				CLANG_WARN_OBJC_IMPLICIT_RETAIN_SELF = YES;
				CLANG_WARN_OBJC_LITERAL_CONVERSION = YES;
				CLANG_WARN_OBJC_ROOT_CLASS = YES_ERROR;
				CLANG_WARN_QUOTED_INCLUDE_IN_FRAMEWORK_HEADER = YES;
				CLANG_WARN_RANGE_LOOP_ANALYSIS = YES;
				CLANG_WARN_STRICT_PROTOTYPES = YES;
				CLANG_WARN_SUSPICIOUS_MOVE = YES;
				CLANG_WARN_UNGUARDED_AVAILABILITY = YES_AGGRESSIVE;
				CLANG_WARN_UNREACHABLE_CODE = YES;
				CLANG_WARN__DUPLICATE_METHOD_MATCH = YES;
				COPY_PHASE_STRIP = NO;
				DEBUG_INFORMATION_FORMAT = "dwarf-with-dsym";
				ENABLE_NS_ASSERTIONS = NO;
				ENABLE_STRICT_OBJC_MSGSEND = YES;
				GCC_C_LANGUAGE_STANDARD = gnu11;
				GCC_NO_COMMON_BLOCKS = YES;
				GCC_WARN_64_TO_32_BIT_CONVERSION = YES;
				GCC_WARN_ABOUT_RETURN_TYPE = YES_ERROR;
				GCC_WARN_UNDECLARED_SELECTOR = YES;
				GCC_WARN_UNINITIALIZED_AUTOS = YES_AGGRESSIVE;
				GCC_WARN_UNUSED_FUNCTION = YES;
				GCC_WARN_UNUSED_VARIABLE = YES;
				IPHONEOS_DEPLOYMENT_TARGET = 15.2;
				MTL_ENABLE_DEBUG_INFO = NO;
				MTL_FAST_MATH = YES;
				SDKROOT = iphoneos;
				SWIFT_COMPILATION_MODE = wholemodule;
				SWIFT_OPTIMIZATION_LEVEL = "-O";
				VALIDATE_PRODUCT = YES;
			};
			name = Release;
		};
		7F6CC988278F53E400BDEDE5 /* Debug */ = {
			isa = XCBuildConfiguration;
			buildSettings = {
				ASSETCATALOG_COMPILER_APPICON_NAME = AppIcon;
				ASSETCATALOG_COMPILER_GLOBAL_ACCENT_COLOR_NAME = AccentColor;
				CODE_SIGN_STYLE = Automatic;
				CURRENT_PROJECT_VERSION = 1;
				DEVELOPMENT_ASSET_PATHS = "\"Irrigation Calculator/Preview Content\"";
				DEVELOPMENT_TEAM = H8VFA92SLL;
				ENABLE_PREVIEWS = YES;
				GENERATE_INFOPLIST_FILE = YES;
				INFOPLIST_FILE = "Irrigation-Calculator-Info.plist";
				INFOPLIST_KEY_UIApplicationSceneManifest_Generation = YES;
				INFOPLIST_KEY_UIApplicationSupportsIndirectInputEvents = YES;
				INFOPLIST_KEY_UILaunchScreen_Generation = YES;
				INFOPLIST_KEY_UISupportedInterfaceOrientations_iPad = "UIInterfaceOrientationPortrait UIInterfaceOrientationPortraitUpsideDown UIInterfaceOrientationLandscapeLeft UIInterfaceOrientationLandscapeRight";
				INFOPLIST_KEY_UISupportedInterfaceOrientations_iPhone = "UIInterfaceOrientationPortrait UIInterfaceOrientationLandscapeLeft UIInterfaceOrientationLandscapeRight";
				LD_RUNPATH_SEARCH_PATHS = (
					"$(inherited)",
					"@executable_path/Frameworks",
				);
				MARKETING_VERSION = 1.0;
				PRODUCT_BUNDLE_IDENTIFIER = "CSE222A.rileyhansen.Irrigation-Calculator";
				PRODUCT_NAME = "$(TARGET_NAME)";
				SWIFT_EMIT_LOC_STRINGS = YES;
				SWIFT_VERSION = 5.0;
				TARGETED_DEVICE_FAMILY = "1,2";
			};
			name = Debug;
		};
		7F6CC989278F53E400BDEDE5 /* Release */ = {
			isa = XCBuildConfiguration;
			buildSettings = {
				ASSETCATALOG_COMPILER_APPICON_NAME = AppIcon;
				ASSETCATALOG_COMPILER_GLOBAL_ACCENT_COLOR_NAME = AccentColor;
				CODE_SIGN_STYLE = Automatic;
				CURRENT_PROJECT_VERSION = 1;
				DEVELOPMENT_ASSET_PATHS = "\"Irrigation Calculator/Preview Content\"";
				DEVELOPMENT_TEAM = H8VFA92SLL;
				ENABLE_PREVIEWS = YES;
				GENERATE_INFOPLIST_FILE = YES;
				INFOPLIST_FILE = "Irrigation-Calculator-Info.plist";
				INFOPLIST_KEY_UIApplicationSceneManifest_Generation = YES;
				INFOPLIST_KEY_UIApplicationSupportsIndirectInputEvents = YES;
				INFOPLIST_KEY_UILaunchScreen_Generation = YES;
				INFOPLIST_KEY_UISupportedInterfaceOrientations_iPad = "UIInterfaceOrientationPortrait UIInterfaceOrientationPortraitUpsideDown UIInterfaceOrientationLandscapeLeft UIInterfaceOrientationLandscapeRight";
				INFOPLIST_KEY_UISupportedInterfaceOrientations_iPhone = "UIInterfaceOrientationPortrait UIInterfaceOrientationLandscapeLeft UIInterfaceOrientationLandscapeRight";
				LD_RUNPATH_SEARCH_PATHS = (
					"$(inherited)",
					"@executable_path/Frameworks",
				);
				MARKETING_VERSION = 1.0;
				PRODUCT_BUNDLE_IDENTIFIER = "CSE222A.rileyhansen.Irrigation-Calculator";
				PRODUCT_NAME = "$(TARGET_NAME)";
				SWIFT_EMIT_LOC_STRINGS = YES;
				SWIFT_VERSION = 5.0;
				TARGETED_DEVICE_FAMILY = "1,2";
			};
			name = Release;
		};
		7F6CC98B278F53E400BDEDE5 /* Debug */ = {
			isa = XCBuildConfiguration;
			buildSettings = {
				ALWAYS_EMBED_SWIFT_STANDARD_LIBRARIES = YES;
				BUNDLE_LOADER = "$(TEST_HOST)";
				CODE_SIGN_STYLE = Automatic;
				CURRENT_PROJECT_VERSION = 1;
				DEVELOPMENT_TEAM = H8VFA92SLL;
				GENERATE_INFOPLIST_FILE = YES;
				IPHONEOS_DEPLOYMENT_TARGET = 15.2;
				MARKETING_VERSION = 1.0;
				PRODUCT_BUNDLE_IDENTIFIER = "CSE222A.rileyhansen.Irrigation-CalculatorTests";
				PRODUCT_NAME = "$(TARGET_NAME)";
				SWIFT_EMIT_LOC_STRINGS = NO;
				SWIFT_VERSION = 5.0;
				TARGETED_DEVICE_FAMILY = "1,2";
				TEST_HOST = "$(BUILT_PRODUCTS_DIR)/Irrigation Calculator.app/Irrigation Calculator";
			};
			name = Debug;
		};
		7F6CC98C278F53E400BDEDE5 /* Release */ = {
			isa = XCBuildConfiguration;
			buildSettings = {
				ALWAYS_EMBED_SWIFT_STANDARD_LIBRARIES = YES;
				BUNDLE_LOADER = "$(TEST_HOST)";
				CODE_SIGN_STYLE = Automatic;
				CURRENT_PROJECT_VERSION = 1;
				DEVELOPMENT_TEAM = H8VFA92SLL;
				GENERATE_INFOPLIST_FILE = YES;
				IPHONEOS_DEPLOYMENT_TARGET = 15.2;
				MARKETING_VERSION = 1.0;
				PRODUCT_BUNDLE_IDENTIFIER = "CSE222A.rileyhansen.Irrigation-CalculatorTests";
				PRODUCT_NAME = "$(TARGET_NAME)";
				SWIFT_EMIT_LOC_STRINGS = NO;
				SWIFT_VERSION = 5.0;
				TARGETED_DEVICE_FAMILY = "1,2";
				TEST_HOST = "$(BUILT_PRODUCTS_DIR)/Irrigation Calculator.app/Irrigation Calculator";
			};
			name = Release;
		};
		7F6CC98E278F53E400BDEDE5 /* Debug */ = {
			isa = XCBuildConfiguration;
			buildSettings = {
				ALWAYS_EMBED_SWIFT_STANDARD_LIBRARIES = YES;
				CODE_SIGN_STYLE = Automatic;
				CURRENT_PROJECT_VERSION = 1;
				DEVELOPMENT_TEAM = H8VFA92SLL;
				GENERATE_INFOPLIST_FILE = YES;
				MARKETING_VERSION = 1.0;
				PRODUCT_BUNDLE_IDENTIFIER = "CSE222A.rileyhansen.Irrigation-CalculatorUITests";
				PRODUCT_NAME = "$(TARGET_NAME)";
				SWIFT_EMIT_LOC_STRINGS = NO;
				SWIFT_VERSION = 5.0;
				TARGETED_DEVICE_FAMILY = "1,2";
				TEST_TARGET_NAME = "Irrigation Calculator";
			};
			name = Debug;
		};
		7F6CC98F278F53E400BDEDE5 /* Release */ = {
			isa = XCBuildConfiguration;
			buildSettings = {
				ALWAYS_EMBED_SWIFT_STANDARD_LIBRARIES = YES;
				CODE_SIGN_STYLE = Automatic;
				CURRENT_PROJECT_VERSION = 1;
				DEVELOPMENT_TEAM = H8VFA92SLL;
				GENERATE_INFOPLIST_FILE = YES;
				MARKETING_VERSION = 1.0;
				PRODUCT_BUNDLE_IDENTIFIER = "CSE222A.rileyhansen.Irrigation-CalculatorUITests";
				PRODUCT_NAME = "$(TARGET_NAME)";
				SWIFT_EMIT_LOC_STRINGS = NO;
				SWIFT_VERSION = 5.0;
				TARGETED_DEVICE_FAMILY = "1,2";
				TEST_TARGET_NAME = "Irrigation Calculator";
			};
			name = Release;
		};
/* End XCBuildConfiguration section */

/* Begin XCConfigurationList section */
		7F6CC95E278F53E200BDEDE5 /* Build configuration list for PBXProject "Irrigation Calculator" */ = {
			isa = XCConfigurationList;
			buildConfigurations = (
				7F6CC985278F53E400BDEDE5 /* Debug */,
				7F6CC986278F53E400BDEDE5 /* Release */,
			);
			defaultConfigurationIsVisible = 0;
			defaultConfigurationName = Release;
		};
		7F6CC987278F53E400BDEDE5 /* Build configuration list for PBXNativeTarget "Irrigation Calculator" */ = {
			isa = XCConfigurationList;
			buildConfigurations = (
				7F6CC988278F53E400BDEDE5 /* Debug */,
				7F6CC989278F53E400BDEDE5 /* Release */,
			);
			defaultConfigurationIsVisible = 0;
			defaultConfigurationName = Release;
		};
		7F6CC98A278F53E400BDEDE5 /* Build configuration list for PBXNativeTarget "Irrigation CalculatorTests" */ = {
			isa = XCConfigurationList;
			buildConfigurations = (
				7F6CC98B278F53E400BDEDE5 /* Debug */,
				7F6CC98C278F53E400BDEDE5 /* Release */,
			);
			defaultConfigurationIsVisible = 0;
			defaultConfigurationName = Release;
		};
		7F6CC98D278F53E400BDEDE5 /* Build configuration list for PBXNativeTarget "Irrigation CalculatorUITests" */ = {
			isa = XCConfigurationList;
			buildConfigurations = (
				7F6CC98E278F53E400BDEDE5 /* Debug */,
				7F6CC98F278F53E400BDEDE5 /* Release */,
			);
			defaultConfigurationIsVisible = 0;
			defaultConfigurationName = Release;
		};
/* End XCConfigurationList section */
	};
	rootObject = 7F6CC95B278F53E200BDEDE5 /* Project object */;
}
